// !$*UTF8*$!
{
	archiveVersion = 1;
	classes = {
	};
	objectVersion = 77;
	objects = {

/* Begin PBXBuildFile section */
		0DE7578C9FDB8D5201C461D4 /* LGLanScannerExampleApp.swift in Sources */ = {isa = PBXBuildFile; fileRef = 3D3912F1D809EA271061FB11 /* LGLanScannerExampleApp.swift */; };
		55D9186DB9749005491BEB96 /* ScanView.swift in Sources */ = {isa = PBXBuildFile; fileRef = AEA2F1E1684DB4943AB00ADA /* ScanView.swift */; };
		A8486857C3835722F850B6A1 /* Assets.xcassets in Resources */ = {isa = PBXBuildFile; fileRef = 35BE641109CF8457E69B9620 /* Assets.xcassets */; };
		E95ACEFFA92D473649599B26 /* LGLanScanner in Frameworks */ = {isa = PBXBuildFile; productRef = 2C28836FC58BF075F05A71B5 /* LGLanScanner */; };
/* End PBXBuildFile section */

/* Begin PBXFileReference section */
		0698CC979409439B3FD48A02 /* LGLanScanner */ = {isa = PBXFileReference; lastKnownFileType = folder; name = LGLanScanner; path = ..; sourceTree = SOURCE_ROOT; };
		35BE641109CF8457E69B9620 /* Assets.xcassets */ = {isa = PBXFileReference; lastKnownFileType = folder.assetcatalog; path = Assets.xcassets; sourceTree = "<group>"; };
		3D3912F1D809EA271061FB11 /* LGLanScannerExampleApp.swift */ = {isa = PBXFileReference; lastKnownFileType = sourcecode.swift; path = LGLanScannerExampleApp.swift; sourceTree = "<group>"; };
		64D44F6EBB95B332D7802575 /* LGLanScannerExample.app */ = {isa = PBXFileReference; includeInIndex = 0; lastKnownFileType = wrapper.application; path = LGLanScannerExample.app; sourceTree = BUILT_PRODUCTS_DIR; };
		AEA2F1E1684DB4943AB00ADA /* ScanView.swift */ = {isa = PBXFileReference; lastKnownFileType = sourcecode.swift; path = ScanView.swift; sourceTree = "<group>"; };
/* End PBXFileReference section */

/* Begin PBXFrameworksBuildPhase section */
		965F7E30CD6F8FF6D8D6A9AB /* Frameworks */ = {
			isa = PBXFrameworksBuildPhase;
			buildActionMask = 2147483647;
			files = (
				E95ACEFFA92D473649599B26 /* LGLanScanner in Frameworks */,
			);
			runOnlyForDeploymentPostprocessing = 0;
		};
/* End PBXFrameworksBuildPhase section */

/* Begin PBXGroup section */
		7258E7049AAE5ACB50524756 /* Products */ = {
			isa = PBXGroup;
			children = (
				64D44F6EBB95B332D7802575 /* LGLanScannerExample.app */,
			);
			name = Products;
			sourceTree = "<group>";
		};
		8E29B43CCF5D6D5A83E0FABB /* Packages */ = {
			isa = PBXGroup;
			children = (
				0698CC979409439B3FD48A02 /* LGLanScanner */,
			);
			name = Packages;
			sourceTree = "<group>";
		};
		D62F2B833D6E598FECE6D8B5 /* LGLanScannerExample */ = {
			isa = PBXGroup;
			children = (
				35BE641109CF8457E69B9620 /* Assets.xcassets */,
				EE22AFAB5ED40C6F382AA50D /* App */,
			);
			path = LGLanScannerExample;
			sourceTree = "<group>";
		};
		E717B59F57BDE76F0D266437 = {
			isa = PBXGroup;
			children = (
				D62F2B833D6E598FECE6D8B5 /* LGLanScannerExample */,
				8E29B43CCF5D6D5A83E0FABB /* Packages */,
				7258E7049AAE5ACB50524756 /* Products */,
			);
			sourceTree = "<group>";
		};
		EE22AFAB5ED40C6F382AA50D /* App */ = {
			isa = PBXGroup;
			children = (
				3D3912F1D809EA271061FB11 /* LGLanScannerExampleApp.swift */,
				AEA2F1E1684DB4943AB00ADA /* ScanView.swift */,
			);
			path = App;
			sourceTree = "<group>";
		};
/* End PBXGroup section */

/* Begin PBXNativeTarget section */
		F69C5893C792E52F8D7293E7 /* LGLanScannerExample */ = {
			isa = PBXNativeTarget;
			buildConfigurationList = D2DB0FB6D8404AACA84A50B8 /* Build configuration list for PBXNativeTarget "LGLanScannerExample" */;
			buildPhases = (
				3795ECDC83C24197D6DD8C84 /* Sources */,
				C0D43FB4FFA907D3D3CA0EAB /* Resources */,
				965F7E30CD6F8FF6D8D6A9AB /* Frameworks */,
			);
			buildRules = (
			);
			dependencies = (
			);
			name = LGLanScannerExample;
			packageProductDependencies = (
				2C28836FC58BF075F05A71B5 /* LGLanScanner */,
			);
			productName = LGLanScannerExample;
			productReference = 64D44F6EBB95B332D7802575 /* LGLanScannerExample.app */;
			productType = "com.apple.product-type.application";
		};
/* End PBXNativeTarget section */

/* Begin PBXProject section */
		764380761668AEB887841F83 /* Project object */ = {
			isa = PBXProject;
			attributes = {
				BuildIndependentTargetsInParallel = YES;
				LastUpgradeCheck = 1430;
				TargetAttributes = {
					F69C5893C792E52F8D7293E7 = {
						DevelopmentTeam = UBS5NLP4XW;
						ProvisioningStyle = Automatic;
					};
				};
			};
			buildConfigurationList = 94C746A7E8EDC15A1BFBE0CD /* Build configuration list for PBXProject "LGLanScannerExample" */;
			developmentRegion = en;
			hasScannedForEncodings = 0;
			knownRegions = (
				Base,
				en,
			);
			mainGroup = E717B59F57BDE76F0D266437;
			minimizedProjectReferenceProxies = 1;
			packageReferences = (
				9682418F3B2CD4106D397C25 /* XCLocalSwiftPackageReference ".." */,
			);
			preferredProjectObjectVersion = 77;
			productRefGroup = 7258E7049AAE5ACB50524756 /* Products */;
			projectDirPath = "";
			projectRoot = "";
			targets = (
				F69C5893C792E52F8D7293E7 /* LGLanScannerExample */,
			);
		};
/* End PBXProject section */

/* Begin PBXResourcesBuildPhase section */
		C0D43FB4FFA907D3D3CA0EAB /* Resources */ = {
			isa = PBXResourcesBuildPhase;
			buildActionMask = 2147483647;
			files = (
				A8486857C3835722F850B6A1 /* Assets.xcassets in Resources */,
			);
			runOnlyForDeploymentPostprocessing = 0;
		};
/* End PBXResourcesBuildPhase section */

/* Begin PBXSourcesBuildPhase section */
		3795ECDC83C24197D6DD8C84 /* Sources */ = {
			isa = PBXSourcesBuildPhase;
			buildActionMask = 2147483647;
			files = (
				0DE7578C9FDB8D5201C461D4 /* LGLanScannerExampleApp.swift in Sources */,
				55D9186DB9749005491BEB96 /* ScanView.swift in Sources */,
			);
			runOnlyForDeploymentPostprocessing = 0;
		};
/* End PBXSourcesBuildPhase section */

/* Begin XCBuildConfiguration section */
		75338893A5CC8D0527C95C6E /* Release */ = {
			isa = XCBuildConfiguration;
			buildSettings = {
				ALWAYS_SEARCH_USER_PATHS = NO;
				CLANG_ANALYZER_NONNULL = YES;
				CLANG_ANALYZER_NUMBER_OBJECT_CONVERSION = YES_AGGRESSIVE;
				CLANG_CXX_LANGUAGE_STANDARD = "gnu++14";
				CLANG_CXX_LIBRARY = "libc++";
				CLANG_ENABLE_MODULES = YES;
				CLANG_ENABLE_OBJC_ARC = YES;
				CLANG_ENABLE_OBJC_WEAK = YES;
				CLANG_WARN_BLOCK_CAPTURE_AUTORELEASING = YES;
				CLANG_WARN_BOOL_CONVERSION = YES;
				CLANG_WARN_COMMA = YES;
				CLANG_WARN_CONSTANT_CONVERSION = YES;
				CLANG_WARN_DEPRECATED_OBJC_IMPLEMENTATIONS = YES;
				CLANG_WARN_DIRECT_OBJC_ISA_USAGE = YES_ERROR;
				CLANG_WARN_DOCUMENTATION_COMMENTS = YES;
				CLANG_WARN_EMPTY_BODY = YES;
				CLANG_WARN_ENUM_CONVERSION = YES;
				CLANG_WARN_INFINITE_RECURSION = YES;
				CLANG_WARN_INT_CONVERSION = YES;
				CLANG_WARN_NON_LITERAL_NULL_CONVERSION = YES;
				CLANG_WARN_OBJC_IMPLICIT_RETAIN_SELF = YES;
				CLANG_WARN_OBJC_LITERAL_CONVERSION = YES;
				CLANG_WARN_OBJC_ROOT_CLASS = YES_ERROR;
				CLANG_WARN_QUOTED_INCLUDE_IN_FRAMEWORK_HEADER = YES;
				CLANG_WARN_RANGE_LOOP_ANALYSIS = YES;
				CLANG_WARN_STRICT_PROTOTYPES = YES;
				CLANG_WARN_SUSPICIOUS_MOVE = YES;
				CLANG_WARN_UNGUARDED_AVAILABILITY = YES_AGGRESSIVE;
				CLANG_WARN_UNREACHABLE_CODE = YES;
				CLANG_WARN__DUPLICATE_METHOD_MATCH = YES;
				COPY_PHASE_STRIP = NO;
				DEBUG_INFORMATION_FORMAT = "dwarf-with-dsym";
				ENABLE_NS_ASSERTIONS = NO;
				ENABLE_STRICT_OBJC_MSGSEND = YES;
				GCC_C_LANGUAGE_STANDARD = gnu11;
				GCC_NO_COMMON_BLOCKS = YES;
				GCC_WARN_64_TO_32_BIT_CONVERSION = YES;
				GCC_WARN_ABOUT_RETURN_TYPE = YES_ERROR;
				GCC_WARN_UNDECLARED_SELECTOR = YES;
				GCC_WARN_UNINITIALIZED_AUTOS = YES_AGGRESSIVE;
				GCC_WARN_UNUSED_FUNCTION = YES;
				GCC_WARN_UNUSED_VARIABLE = YES;
				IPHONEOS_DEPLOYMENT_TARGET = 17.0;
				MTL_ENABLE_DEBUG_INFO = NO;
				MTL_FAST_MATH = YES;
				PRODUCT_NAME = "$(TARGET_NAME)";
				SDKROOT = iphoneos;
				SWIFT_COMPILATION_MODE = wholemodule;
				SWIFT_OPTIMIZATION_LEVEL = "-O";
				SWIFT_VERSION = 5.0;
			};
			name = Release;
		};
		B5DFF6370BC82ABAF3FE5CB2 /* Debug */ = {
			isa = XCBuildConfiguration;
			buildSettings = {
				ALWAYS_SEARCH_USER_PATHS = NO;
				CLANG_ANALYZER_NONNULL = YES;
				CLANG_ANALYZER_NUMBER_OBJECT_CONVERSION = YES_AGGRESSIVE;
				CLANG_CXX_LANGUAGE_STANDARD = "gnu++14";
				CLANG_CXX_LIBRARY = "libc++";
				CLANG_ENABLE_MODULES = YES;
				CLANG_ENABLE_OBJC_ARC = YES;
				CLANG_ENABLE_OBJC_WEAK = YES;
				CLANG_WARN_BLOCK_CAPTURE_AUTORELEASING = YES;
				CLANG_WARN_BOOL_CONVERSION = YES;
				CLANG_WARN_COMMA = YES;
				CLANG_WARN_CONSTANT_CONVERSION = YES;
				CLANG_WARN_DEPRECATED_OBJC_IMPLEMENTATIONS = YES;
				CLANG_WARN_DIRECT_OBJC_ISA_USAGE = YES_ERROR;
				CLANG_WARN_DOCUMENTATION_COMMENTS = YES;
				CLANG_WARN_EMPTY_BODY = YES;
				CLANG_WARN_ENUM_CONVERSION = YES;
				CLANG_WARN_INFINITE_RECURSION = YES;
				CLANG_WARN_INT_CONVERSION = YES;
				CLANG_WARN_NON_LITERAL_NULL_CONVERSION = YES;
				CLANG_WARN_OBJC_IMPLICIT_RETAIN_SELF = YES;
				CLANG_WARN_OBJC_LITERAL_CONVERSION = YES;
				CLANG_WARN_OBJC_ROOT_CLASS = YES_ERROR;
				CLANG_WARN_QUOTED_INCLUDE_IN_FRAMEWORK_HEADER = YES;
				CLANG_WARN_RANGE_LOOP_ANALYSIS = YES;
				CLANG_WARN_STRICT_PROTOTYPES = YES;
				CLANG_WARN_SUSPICIOUS_MOVE = YES;
				CLANG_WARN_UNGUARDED_AVAILABILITY = YES_AGGRESSIVE;
				CLANG_WARN_UNREACHABLE_CODE = YES;
				CLANG_WARN__DUPLICATE_METHOD_MATCH = YES;
				COPY_PHASE_STRIP = NO;
				DEBUG_INFORMATION_FORMAT = dwarf;
				ENABLE_STRICT_OBJC_MSGSEND = YES;
				ENABLE_TESTABILITY = YES;
				GCC_C_LANGUAGE_STANDARD = gnu11;
				GCC_DYNAMIC_NO_PIC = NO;
				GCC_NO_COMMON_BLOCKS = YES;
				GCC_OPTIMIZATION_LEVEL = 0;
				GCC_PREPROCESSOR_DEFINITIONS = (
					"$(inherited)",
					"DEBUG=1",
				);
				GCC_WARN_64_TO_32_BIT_CONVERSION = YES;
				GCC_WARN_ABOUT_RETURN_TYPE = YES_ERROR;
				GCC_WARN_UNDECLARED_SELECTOR = YES;
				GCC_WARN_UNINITIALIZED_AUTOS = YES_AGGRESSIVE;
				GCC_WARN_UNUSED_FUNCTION = YES;
				GCC_WARN_UNUSED_VARIABLE = YES;
				IPHONEOS_DEPLOYMENT_TARGET = 17.0;
				MTL_ENABLE_DEBUG_INFO = INCLUDE_SOURCE;
				MTL_FAST_MATH = YES;
				ONLY_ACTIVE_ARCH = YES;
				PRODUCT_NAME = "$(TARGET_NAME)";
				SDKROOT = iphoneos;
				SWIFT_ACTIVE_COMPILATION_CONDITIONS = DEBUG;
				SWIFT_OPTIMIZATION_LEVEL = "-Onone";
				SWIFT_VERSION = 5.0;
			};
			name = Debug;
		};
		E38BB83F1A5590A2137EBA61 /* Release */ = {
			isa = XCBuildConfiguration;
			buildSettings = {
				ASSETCATALOG_COMPILER_APPICON_NAME = AppIcon;
				CODE_SIGN_IDENTITY = "iPhone Developer";
				CODE_SIGN_STYLE = Automatic;
				CURRENT_PROJECT_VERSION = 1;
				DEVELOPMENT_TEAM = UBS5NLP4XW;
				GENERATE_INFOPLIST_FILE = YES;
				INFOPLIST_KEY_NSLocalNetworkUsageDescription = "Scans your local network to list the devices on it.";
				INFOPLIST_KEY_UIApplicationSupportsIndirectInputEvents = YES;
				INFOPLIST_KEY_UILaunchScreen_Generation = YES;
				INFOPLIST_KEY_UISupportedInterfaceOrientations = UIInterfaceOrientationPortrait;
				INFOPLIST_KEY_UISupportedInterfaceOrientations_iPad = "UIInterfaceOrientationPortrait UIInterfaceOrientationPortraitUpsideDown UIInterfaceOrientationLandscapeLeft UIInterfaceOrientationLandscapeRight";
				LD_RUNPATH_SEARCH_PATHS = (
					"$(inherited)",
					"@executable_path/Frameworks",
				);
				MARKETING_VERSION = 1.0;
				PRODUCT_BUNDLE_IDENTIFIER = com.LG.LGLanScannerExample;
				SDKROOT = iphoneos;
				SWIFT_VERSION = 6.0;
				TARGETED_DEVICE_FAMILY = "1,2";
			};
			name = Release;
		};
		F94CB5C87CACEB1403A141D2 /* Debug */ = {
			isa = XCBuildConfiguration;
			buildSettings = {
				ASSETCATALOG_COMPILER_APPICON_NAME = AppIcon;
				CODE_SIGN_IDENTITY = "iPhone Developer";
				CODE_SIGN_STYLE = Automatic;
				CURRENT_PROJECT_VERSION = 1;
				DEVELOPMENT_TEAM = UBS5NLP4XW;
				GENERATE_INFOPLIST_FILE = YES;
				INFOPLIST_KEY_NSLocalNetworkUsageDescription = "Scans your local network to list the devices on it.";
				INFOPLIST_KEY_UIApplicationSupportsIndirectInputEvents = YES;
				INFOPLIST_KEY_UILaunchScreen_Generation = YES;
				INFOPLIST_KEY_UISupportedInterfaceOrientations = UIInterfaceOrientationPortrait;
				INFOPLIST_KEY_UISupportedInterfaceOrientations_iPad = "UIInterfaceOrientationPortrait UIInterfaceOrientationPortraitUpsideDown UIInterfaceOrientationLandscapeLeft UIInterfaceOrientationLandscapeRight";
				LD_RUNPATH_SEARCH_PATHS = (
					"$(inherited)",
					"@executable_path/Frameworks",
				);
				MARKETING_VERSION = 1.0;
				PRODUCT_BUNDLE_IDENTIFIER = com.LG.LGLanScannerExample;
				SDKROOT = iphoneos;
				SWIFT_VERSION = 6.0;
				TARGETED_DEVICE_FAMILY = "1,2";
			};
			name = Debug;
		};
/* End XCBuildConfiguration section */

/* Begin XCConfigurationList section */
		94C746A7E8EDC15A1BFBE0CD /* Build configuration list for PBXProject "LGLanScannerExample" */ = {
			isa = XCConfigurationList;
			buildConfigurations = (
				B5DFF6370BC82ABAF3FE5CB2 /* Debug */,
				75338893A5CC8D0527C95C6E /* Release */,
			);
			defaultConfigurationIsVisible = 0;
			defaultConfigurationName = Debug;
		};
		D2DB0FB6D8404AACA84A50B8 /* Build configuration list for PBXNativeTarget "LGLanScannerExample" */ = {
			isa = XCConfigurationList;
			buildConfigurations = (
				F94CB5C87CACEB1403A141D2 /* Debug */,
				E38BB83F1A5590A2137EBA61 /* Release */,
			);
			defaultConfigurationIsVisible = 0;
			defaultConfigurationName = Debug;
		};
/* End XCConfigurationList section */

/* Begin XCLocalSwiftPackageReference section */
		9682418F3B2CD4106D397C25 /* XCLocalSwiftPackageReference ".." */ = {
			isa = XCLocalSwiftPackageReference;
			relativePath = ..;
		};
/* End XCLocalSwiftPackageReference section */

/* Begin XCSwiftPackageProductDependency section */
		2C28836FC58BF075F05A71B5 /* LGLanScanner */ = {
			isa = XCSwiftPackageProductDependency;
			productName = LGLanScanner;
		};
/* End XCSwiftPackageProductDependency section */
	};
	rootObject = 764380761668AEB887841F83 /* Project object */;
}
